
Microsoft Visual Studio Solution File, Format Version 12.00
# Visual Studio Version 17
VisualStudioVersion = 17.3.32929.385
MinimumVisualStudioVersion = 10.0.40219.1
Project("{9A19103F-16F7-4668-BE54-9A1E7A4F7556}") = "Employee-Report", "Employee-Report\Employee-Report.csproj", "{5D46E07B-8C15-4965-A045-6FEB2A54F50C}"
EndProject
Project("{9A19103F-16F7-4668-BE54-9A1E7A4F7556}") = "Employee-Report.API", "Employee-Report.API\Employee-Report.API.csproj", "{23F28BD9-2E9E-40DE-BF41-0C2644E7C518}"
EndProject
Project("{9A19103F-16F7-4668-BE54-9A1E7A4F7556}") = "Employee-Report.Model", "Employee-Report.Model\Employee-Report.Model.csproj", "{1E81DBE1-B9C7-4F12-8304-CDEBC23D3739}"
EndProject
Global
	GlobalSection(SolutionConfigurationPlatforms) = preSolution
		Debug|Any CPU = Debug|Any CPU
		Release|Any CPU = Release|Any CPU
	EndGlobalSection
	GlobalSection(ProjectConfigurationPlatforms) = postSolution
		{5D46E07B-8C15-4965-A045-6FEB2A54F50C}.Debug|Any CPU.ActiveCfg = Debug|Any CPU
		{5D46E07B-8C15-4965-A045-6FEB2A54F50C}.Debug|Any CPU.Build.0 = Debug|Any CPU
		{5D46E07B-8C15-4965-A045-6FEB2A54F50C}.Release|Any CPU.ActiveCfg = Release|Any CPU
		{5D46E07B-8C15-4965-A045-6FEB2A54F50C}.Release|Any CPU.Build.0 = Release|Any CPU
		{23F28BD9-2E9E-40DE-BF41-0C2644E7C518}.Debug|Any CPU.ActiveCfg = Debug|Any CPU
		{23F28BD9-2E9E-40DE-BF41-0C2644E7C518}.Debug|Any CPU.Build.0 = Debug|Any CPU
		{23F28BD9-2E9E-40DE-BF41-0C2644E7C518}.Release|Any CPU.ActiveCfg = Release|Any CPU
		{23F28BD9-2E9E-40DE-BF41-0C2644E7C518}.Release|Any CPU.Build.0 = Release|Any CPU
		{1E81DBE1-B9C7-4F12-8304-CDEBC23D3739}.Debug|Any CPU.ActiveCfg = Debug|Any CPU
		{1E81DBE1-B9C7-4F12-8304-CDEBC23D3739}.Debug|Any CPU.Build.0 = Debug|Any CPU
		{1E81DBE1-B9C7-4F12-8304-CDEBC23D3739}.Release|Any CPU.ActiveCfg = Release|Any CPU
		{1E81DBE1-B9C7-4F12-8304-CDEBC23D3739}.Release|Any CPU.Build.0 = Release|Any CPU
	EndGlobalSection
	GlobalSection(SolutionProperties) = preSolution
		HideSolutionNode = FALSE
	EndGlobalSection
	GlobalSection(ExtensibilityGlobals) = postSolution
		SolutionGuid = {776B7F59-2692-4618-83AD-404BB61AD768}
	EndGlobalSection
EndGlobal
